
Microsoft Visual Studio Solution File, Format Version 12.00
# Visual Studio Version 16
VisualStudioVersion = 16.0.28917.182
MinimumVisualStudioVersion = 10.0.40219.1
Project("{2150E333-8FDC-42A3-9474-1A3956D46DE8}") = "Domain", "Domain", "{11D64627-F5CC-4C16-949D-D36EDD0D4EDA}"
EndProject
Project("{2150E333-8FDC-42A3-9474-1A3956D46DE8}") = "Application", "Application", "{BDAA77C0-4B8B-423E-9D93-5A8CD94B54DC}"
EndProject
Project("{9A19103F-16F7-4668-BE54-9A1E7A4F7556}") = "PictureShopRepository", "PictureShopRepository\PictureShopRepository.csproj", "{F4A8BD0D-9065-4761-AE2E-8E15F9995A19}"
EndProject
Project("{2150E333-8FDC-42A3-9474-1A3956D46DE8}") = "Infrastructure", "Infrastructure", "{79FD7097-EAE3-4D57-9452-F96E08A4DEFF}"
EndProject
Project("{9A19103F-16F7-4668-BE54-9A1E7A4F7556}") = "PictureShopDataAccess", "PictureShopDataAccess\PictureShopDataAccess.csproj", "{0C233598-E9D3-4042-8052-44C6A883516F}"
EndProject
Project("{2150E333-8FDC-42A3-9474-1A3956D46DE8}") = "Presentation", "Presentation", "{DE1C63A8-8F33-43EE-BF44-653AF46F1FA7}"
EndProject
Project("{9A19103F-16F7-4668-BE54-9A1E7A4F7556}") = "PictureShopEntity", "PictureShopEntity\PictureShopEntity.csproj", "{23D68B0E-DE50-4951-808E-A9ED1EEB0035}"
EndProject
Project("{FAE04EC0-301F-11D3-BF4B-00C04F79EFBC}") = "KataPictureShopWebAPI", "KataPictureShopWebAPI\KataPictureShopWebAPI.csproj", "{DF7382DF-9BB9-4A26-8AE6-50533E8E783F}"
EndProject
Project("{FAE04EC0-301F-11D3-BF4B-00C04F79EFBC}") = "PictureShopService.Contracts", "PictureShopService.Contracts\PictureShopService.Contracts.csproj", "{C0003254-75E0-4B51-809B-5D160CC5D3C1}"
EndProject
Project("{9A19103F-16F7-4668-BE54-9A1E7A4F7556}") = "PictureShopService.Impl", "PictureShopService.Impl\PictureShopService.Impl.csproj", "{0773D701-3DA9-4CF8-8972-5BB5BBE97730}"
EndProject
Global
	GlobalSection(SolutionConfigurationPlatforms) = preSolution
		Debug|Any CPU = Debug|Any CPU
		Release|Any CPU = Release|Any CPU
	EndGlobalSection
	GlobalSection(ProjectConfigurationPlatforms) = postSolution
		{F4A8BD0D-9065-4761-AE2E-8E15F9995A19}.Debug|Any CPU.ActiveCfg = Debug|Any CPU
		{F4A8BD0D-9065-4761-AE2E-8E15F9995A19}.Debug|Any CPU.Build.0 = Debug|Any CPU
		{F4A8BD0D-9065-4761-AE2E-8E15F9995A19}.Release|Any CPU.ActiveCfg = Release|Any CPU
		{F4A8BD0D-9065-4761-AE2E-8E15F9995A19}.Release|Any CPU.Build.0 = Release|Any CPU
		{0C233598-E9D3-4042-8052-44C6A883516F}.Debug|Any CPU.ActiveCfg = Debug|Any CPU
		{0C233598-E9D3-4042-8052-44C6A883516F}.Debug|Any CPU.Build.0 = Debug|Any CPU
		{0C233598-E9D3-4042-8052-44C6A883516F}.Release|Any CPU.ActiveCfg = Release|Any CPU
		{0C233598-E9D3-4042-8052-44C6A883516F}.Release|Any CPU.Build.0 = Release|Any CPU
		{23D68B0E-DE50-4951-808E-A9ED1EEB0035}.Debug|Any CPU.ActiveCfg = Debug|Any CPU
		{23D68B0E-DE50-4951-808E-A9ED1EEB0035}.Debug|Any CPU.Build.0 = Debug|Any CPU
		{23D68B0E-DE50-4951-808E-A9ED1EEB0035}.Release|Any CPU.ActiveCfg = Release|Any CPU
		{23D68B0E-DE50-4951-808E-A9ED1EEB0035}.Release|Any CPU.Build.0 = Release|Any CPU
		{DF7382DF-9BB9-4A26-8AE6-50533E8E783F}.Debug|Any CPU.ActiveCfg = Debug|Any CPU
		{DF7382DF-9BB9-4A26-8AE6-50533E8E783F}.Debug|Any CPU.Build.0 = Debug|Any CPU
		{DF7382DF-9BB9-4A26-8AE6-50533E8E783F}.Release|Any CPU.ActiveCfg = Release|Any CPU
		{DF7382DF-9BB9-4A26-8AE6-50533E8E783F}.Release|Any CPU.Build.0 = Release|Any CPU
		{C0003254-75E0-4B51-809B-5D160CC5D3C1}.Debug|Any CPU.ActiveCfg = Debug|Any CPU
		{C0003254-75E0-4B51-809B-5D160CC5D3C1}.Debug|Any CPU.Build.0 = Debug|Any CPU
		{C0003254-75E0-4B51-809B-5D160CC5D3C1}.Release|Any CPU.ActiveCfg = Release|Any CPU
		{C0003254-75E0-4B51-809B-5D160CC5D3C1}.Release|Any CPU.Build.0 = Release|Any CPU
		{0773D701-3DA9-4CF8-8972-5BB5BBE97730}.Debug|Any CPU.ActiveCfg = Debug|Any CPU
		{0773D701-3DA9-4CF8-8972-5BB5BBE97730}.Debug|Any CPU.Build.0 = Debug|Any CPU
		{0773D701-3DA9-4CF8-8972-5BB5BBE97730}.Release|Any CPU.ActiveCfg = Release|Any CPU
		{0773D701-3DA9-4CF8-8972-5BB5BBE97730}.Release|Any CPU.Build.0 = Release|Any CPU
	EndGlobalSection
	GlobalSection(SolutionProperties) = preSolution
		HideSolutionNode = FALSE
	EndGlobalSection
	GlobalSection(NestedProjects) = preSolution
		{F4A8BD0D-9065-4761-AE2E-8E15F9995A19} = {11D64627-F5CC-4C16-949D-D36EDD0D4EDA}
		{0C233598-E9D3-4042-8052-44C6A883516F} = {79FD7097-EAE3-4D57-9452-F96E08A4DEFF}
		{23D68B0E-DE50-4951-808E-A9ED1EEB0035} = {11D64627-F5CC-4C16-949D-D36EDD0D4EDA}
		{DF7382DF-9BB9-4A26-8AE6-50533E8E783F} = {DE1C63A8-8F33-43EE-BF44-653AF46F1FA7}
		{C0003254-75E0-4B51-809B-5D160CC5D3C1} = {BDAA77C0-4B8B-423E-9D93-5A8CD94B54DC}
		{0773D701-3DA9-4CF8-8972-5BB5BBE97730} = {BDAA77C0-4B8B-423E-9D93-5A8CD94B54DC}
	EndGlobalSection
	GlobalSection(ExtensibilityGlobals) = postSolution
		SolutionGuid = {E4ED7C04-8CCD-4361-A7CF-A48491EEA48A}
	EndGlobalSection
EndGlobal
